// !$*UTF8*$!
{
	archiveVersion = 1;
	classes = {
	};
	objectVersion = 55;
	objects = {

/* Begin PBXBuildFile section */
		CE0B965326E2596E00764AAE /* Transaction.swift in Sources */ = {isa = PBXBuildFile; fileRef = CE0B965226E2596E00764AAE /* Transaction.swift */; };
		CE0C6DD326E3D31E00813563 /* Assets.xcassets in Resources */ = {isa = PBXBuildFile; fileRef = CE0C6DD226E3D31E00813563 /* Assets.xcassets */; };
		CE0C6DD926E3D31E00813563 /* Shortbread.appex in Embed App Extensions */ = {isa = PBXBuildFile; fileRef = CE0C6DD826E3D31E00813563 /* Shortbread.appex */; settings = {ATTRIBUTES = (RemoveHeadersOnCopy, ); }; };
		CE0C6DE226E3D31F00813563 /* App.swift in Sources */ = {isa = PBXBuildFile; fileRef = CE0C6DE126E3D31F00813563 /* App.swift */; };
		CE0C6DEB26E3D32000813563 /* Shortbread.app in Embed Watch Content */ = {isa = PBXBuildFile; fileRef = CE0C6DD026E3D31D00813563 /* Shortbread.app */; settings = {ATTRIBUTES = (RemoveHeadersOnCopy, ); }; };
		CE0C6DF526E3D44A00813563 /* App.Delegate.swift in Sources */ = {isa = PBXBuildFile; fileRef = CE0C6DF426E3D44A00813563 /* App.Delegate.swift */; };
		CE0C6DF726E3D47E00813563 /* Sidebar.swift in Sources */ = {isa = PBXBuildFile; fileRef = CE0C6DF626E3D47E00813563 /* Sidebar.swift */; };
		CE0C6DF926E3D4A400813563 /* Reveal.swift in Sources */ = {isa = PBXBuildFile; fileRef = CE0C6DF826E3D4A400813563 /* Reveal.swift */; };
		CE0C6DFB26E3D5C700813563 /* Secrets in Frameworks */ = {isa = PBXBuildFile; productRef = CE0C6DFA26E3D5C700813563 /* Secrets */; };
		CE0C6DFE26E3D79700813563 /* CloudKit.framework in Frameworks */ = {isa = PBXBuildFile; fileRef = CE0C6DFD26E3D79700813563 /* CloudKit.framework */; };
		CE0ECE1D26E230D2009ED010 /* Store.State.swift in Sources */ = {isa = PBXBuildFile; fileRef = CE0ECE1C26E230D2009ED010 /* Store.State.swift */; };
		CE0ECE1F26E23338009ED010 /* Safe.Content.swift in Sources */ = {isa = PBXBuildFile; fileRef = CE0ECE1E26E23338009ED010 /* Safe.Content.swift */; };
		CE0F341826E22C18000388F3 /* Store.swift in Sources */ = {isa = PBXBuildFile; fileRef = CE0F341726E22C18000388F3 /* Store.swift */; };
		CE2A54B826E247220072A39F /* Safe.Content.Item.swift in Sources */ = {isa = PBXBuildFile; fileRef = CE2A54B726E247220072A39F /* Safe.Content.Item.swift */; };
		CE2DAFBE26D8EB880009E974 /* App.swift in Sources */ = {isa = PBXBuildFile; fileRef = CE2DAFBD26D8EB880009E974 /* App.swift */; };
		CE2DAFC026D8EB880009E974 /* Sidebar.swift in Sources */ = {isa = PBXBuildFile; fileRef = CE2DAFBF26D8EB880009E974 /* Sidebar.swift */; };
		CE2DAFC226D8EB890009E974 /* Assets.xcassets in Resources */ = {isa = PBXBuildFile; fileRef = CE2DAFC126D8EB890009E974 /* Assets.xcassets */; };
		CE3DBE4826DA493C002AE5B0 /* Media.xcassets in Resources */ = {isa = PBXBuildFile; fileRef = CE3DBE4726DA493C002AE5B0 /* Media.xcassets */; };
		CE6366D326DB927D0047EB1C /* Full.swift in Sources */ = {isa = PBXBuildFile; fileRef = CE6366D226DB927D0047EB1C /* Full.swift */; };
		CE6C8DFA26E6528B00149D95 /* Create.swift in Sources */ = {isa = PBXBuildFile; fileRef = CE6C8DF926E6528B00149D95 /* Create.swift */; };
		CE6C8DFC26E67D7A00149D95 /* UISplitViewController.swift in Sources */ = {isa = PBXBuildFile; fileRef = CE6C8DFB26E67D7A00149D95 /* UISplitViewController.swift */; };
		CE6F48A826DA5ADC00F778A9 /* Option.swift in Sources */ = {isa = PBXBuildFile; fileRef = CE6F48A726DA5ADC00F778A9 /* Option.swift */; };
		CE6F48AA26DA640D00F778A9 /* Sidebar.Filter.swift in Sources */ = {isa = PBXBuildFile; fileRef = CE6F48A926DA640D00F778A9 /* Sidebar.Filter.swift */; };
		CE6F48AC26DA766800F778A9 /* App.Modal.swift in Sources */ = {isa = PBXBuildFile; fileRef = CE6F48AB26DA766800F778A9 /* App.Modal.swift */; };
		CE6F48AE26DA76E600F778A9 /* Tags.swift in Sources */ = {isa = PBXBuildFile; fileRef = CE6F48AD26DA76E600F778A9 /* Tags.swift */; };
		CE6F48B026DA7B6D00F778A9 /* Safe.swift in Sources */ = {isa = PBXBuildFile; fileRef = CE6F48AF26DA7B6D00F778A9 /* Safe.swift */; };
		CE6F48B226DA7C0900F778A9 /* Writer.swift in Sources */ = {isa = PBXBuildFile; fileRef = CE6F48B126DA7C0900F778A9 /* Writer.swift */; };
		CE6F48B426DA882200F778A9 /* Writer.Coordinator.swift in Sources */ = {isa = PBXBuildFile; fileRef = CE6F48B326DA882200F778A9 /* Writer.Coordinator.swift */; };
		CE6F48B626DA885700F778A9 /* App.Modal.Write.swift in Sources */ = {isa = PBXBuildFile; fileRef = CE6F48B526DA885700F778A9 /* App.Modal.Write.swift */; };
		CE6F48B826DA88D200F778A9 /* Container.swift in Sources */ = {isa = PBXBuildFile; fileRef = CE6F48B726DA88D200F778A9 /* Container.swift */; };
		CE75611E26DFA52E00C094BA /* Secrets in Frameworks */ = {isa = PBXBuildFile; productRef = CE75611D26DFA52E00C094BA /* Secrets */; };
		CE75612326DFB5B500C094BA /* CloudKit.framework in Frameworks */ = {isa = PBXBuildFile; fileRef = CE75612226DFB5B500C094BA /* CloudKit.framework */; };
		CE75612526DFB5D900C094BA /* StoreKit.framework in Frameworks */ = {isa = PBXBuildFile; fileRef = CE75612426DFB5D900C094BA /* StoreKit.framework */; };
		CE75612726DFB62E00C094BA /* App.Delegate.swift in Sources */ = {isa = PBXBuildFile; fileRef = CE75612626DFB62E00C094BA /* App.Delegate.swift */; };
		CEB1027526E3A713007D0BBE /* Dismiss.swift in Sources */ = {isa = PBXBuildFile; fileRef = CEB1027426E3A713007D0BBE /* Dismiss.swift */; };
		CEB1027726E3AA4E007D0BBE /* Copy.swift in Sources */ = {isa = PBXBuildFile; fileRef = CEB1027626E3AA4E007D0BBE /* Copy.swift */; };
		CEB1027926E3ABA9007D0BBE /* UIApplication.swift in Sources */ = {isa = PBXBuildFile; fileRef = CEB1027826E3ABA9007D0BBE /* UIApplication.swift */; };
		CEB1027B26E3AF3E007D0BBE /* Info.swift in Sources */ = {isa = PBXBuildFile; fileRef = CEB1027A26E3AF3E007D0BBE /* Info.swift */; };
		CEB1028226E3CA3E007D0BBE /* WidgetKit.framework in Frameworks */ = {isa = PBXBuildFile; fileRef = CEB1028126E3CA3E007D0BBE /* WidgetKit.framework */; platformFilter = maccatalyst; };
		CEB1028426E3CA3E007D0BBE /* SwiftUI.framework in Frameworks */ = {isa = PBXBuildFile; fileRef = CEB1028326E3CA3E007D0BBE /* SwiftUI.framework */; platformFilter = maccatalyst; };
		CEB1028926E3CA3F007D0BBE /* Assets.xcassets in Resources */ = {isa = PBXBuildFile; fileRef = CEB1028826E3CA3F007D0BBE /* Assets.xcassets */; };
		CEB1028D26E3CA3F007D0BBE /* Shortbread.appex in Embed App Extensions */ = {isa = PBXBuildFile; fileRef = CEB1028026E3CA3E007D0BBE /* Shortbread.appex */; settings = {ATTRIBUTES = (RemoveHeadersOnCopy, ); }; };
		CEB1029326E3CB83007D0BBE /* Secret.swift in Sources */ = {isa = PBXBuildFile; fileRef = CEB1029226E3CB83007D0BBE /* Secret.swift */; };
		CEB5C8BF26E0F1300001EC96 /* Empty.swift in Sources */ = {isa = PBXBuildFile; fileRef = CEB5C8BE26E0F1300001EC96 /* Empty.swift */; };
		CEB5C8C126E0F4C90001EC96 /* Toolbar.swift in Sources */ = {isa = PBXBuildFile; fileRef = CEB5C8C026E0F4C90001EC96 /* Toolbar.swift */; };
		CEB5E76226D9154600648645 /* Reveal.swift in Sources */ = {isa = PBXBuildFile; fileRef = CEB5E76126D9154600648645 /* Reveal.swift */; };
		CEB5E76426D91CAD00648645 /* Sidebar.Item.swift in Sources */ = {isa = PBXBuildFile; fileRef = CEB5E76326D91CAD00648645 /* Sidebar.Item.swift */; };
		CEB5E76626D9227D00648645 /* Tagger.swift in Sources */ = {isa = PBXBuildFile; fileRef = CEB5E76526D9227D00648645 /* Tagger.swift */; };
		CEBC5E4326E2667600118105 /* Notifications.swift in Sources */ = {isa = PBXBuildFile; fileRef = CEBC5E4226E2667600118105 /* Notifications.swift */; };
		CEBC5E4526E277EE00118105 /* Settings.swift in Sources */ = {isa = PBXBuildFile; fileRef = CEBC5E4426E277EE00118105 /* Settings.swift */; };
		CEBC5E4726E278AE00118105 /* Onboard.swift in Sources */ = {isa = PBXBuildFile; fileRef = CEBC5E4626E278AE00118105 /* Onboard.swift */; };
/* End PBXBuildFile section */

/* Begin PBXContainerItemProxy section */
		CE0C6DDA26E3D31E00813563 /* PBXContainerItemProxy */ = {
			isa = PBXContainerItemProxy;
			containerPortal = CE2DAFB026D8EB460009E974 /* Project object */;
			proxyType = 1;
			remoteGlobalIDString = CE0C6DD726E3D31E00813563;
			remoteInfo = "Watch Extension";
		};
		CE0C6DE926E3D32000813563 /* PBXContainerItemProxy */ = {
			isa = PBXContainerItemProxy;
			containerPortal = CE2DAFB026D8EB460009E974 /* Project object */;
			proxyType = 1;
			remoteGlobalIDString = CE0C6DCF26E3D31D00813563;
			remoteInfo = Watch;
		};
		CEB1028B26E3CA3F007D0BBE /* PBXContainerItemProxy */ = {
			isa = PBXContainerItemProxy;
			containerPortal = CE2DAFB026D8EB460009E974 /* Project object */;
			proxyType = 1;
			remoteGlobalIDString = CEB1027F26E3CA3E007D0BBE;
			remoteInfo = WidgetExtension;
		};
/* End PBXContainerItemProxy section */

/* Begin PBXCopyFilesBuildPhase section */
		CE0C6DEC26E3D32000813563 /* Embed Watch Content */ = {
			isa = PBXCopyFilesBuildPhase;
			buildActionMask = 2147483647;
			dstPath = "$(CONTENTS_FOLDER_PATH)/Watch";
			dstSubfolderSpec = 16;
			files = (
				CE0C6DEB26E3D32000813563 /* Shortbread.app in Embed Watch Content */,
			);
			name = "Embed Watch Content";
			runOnlyForDeploymentPostprocessing = 0;
		};
		CE0C6DEF26E3D32000813563 /* Embed App Extensions */ = {
			isa = PBXCopyFilesBuildPhase;
			buildActionMask = 2147483647;
			dstPath = "";
			dstSubfolderSpec = 13;
			files = (
				CE0C6DD926E3D31E00813563 /* Shortbread.appex in Embed App Extensions */,
			);
			name = "Embed App Extensions";
			runOnlyForDeploymentPostprocessing = 0;
		};
		CEB1029126E3CA3F007D0BBE /* Embed App Extensions */ = {
			isa = PBXCopyFilesBuildPhase;
			buildActionMask = 2147483647;
			dstPath = "";
			dstSubfolderSpec = 13;
			files = (
				CEB1028D26E3CA3F007D0BBE /* Shortbread.appex in Embed App Extensions */,
			);
			name = "Embed App Extensions";
			runOnlyForDeploymentPostprocessing = 0;
		};
/* End PBXCopyFilesBuildPhase section */

/* Begin PBXFileReference section */
		CE0B965226E2596E00764AAE /* Transaction.swift */ = {isa = PBXFileReference; lastKnownFileType = sourcecode.swift; path = Transaction.swift; sourceTree = "<group>"; };
		CE0C6DD026E3D31D00813563 /* Shortbread.app */ = {isa = PBXFileReference; explicitFileType = wrapper.application; includeInIndex = 0; path = Shortbread.app; sourceTree = BUILT_PRODUCTS_DIR; };
		CE0C6DD226E3D31E00813563 /* Assets.xcassets */ = {isa = PBXFileReference; lastKnownFileType = folder.assetcatalog; path = Assets.xcassets; sourceTree = "<group>"; };
		CE0C6DD826E3D31E00813563 /* Shortbread.appex */ = {isa = PBXFileReference; explicitFileType = "wrapper.app-extension"; includeInIndex = 0; path = Shortbread.appex; sourceTree = BUILT_PRODUCTS_DIR; };
		CE0C6DE126E3D31F00813563 /* App.swift */ = {isa = PBXFileReference; lastKnownFileType = sourcecode.swift; path = App.swift; sourceTree = "<group>"; };
		CE0C6DE826E3D31F00813563 /* Info.plist */ = {isa = PBXFileReference; lastKnownFileType = text.plist.xml; path = Info.plist; sourceTree = "<group>"; };
		CE0C6DF426E3D44A00813563 /* App.Delegate.swift */ = {isa = PBXFileReference; lastKnownFileType = sourcecode.swift; path = App.Delegate.swift; sourceTree = "<group>"; };
		CE0C6DF626E3D47E00813563 /* Sidebar.swift */ = {isa = PBXFileReference; lastKnownFileType = sourcecode.swift; path = Sidebar.swift; sourceTree = "<group>"; };
		CE0C6DF826E3D4A400813563 /* Reveal.swift */ = {isa = PBXFileReference; lastKnownFileType = sourcecode.swift; path = Reveal.swift; sourceTree = "<group>"; };
		CE0C6DFC26E3D76300813563 /* Watch Extension.entitlements */ = {isa = PBXFileReference; lastKnownFileType = text.plist.entitlements; path = "Watch Extension.entitlements"; sourceTree = "<group>"; };
		CE0C6DFD26E3D79700813563 /* CloudKit.framework */ = {isa = PBXFileReference; lastKnownFileType = wrapper.framework; name = CloudKit.framework; path = Platforms/WatchOS.platform/Developer/SDKs/WatchOS8.0.sdk/System/Library/Frameworks/CloudKit.framework; sourceTree = DEVELOPER_DIR; };
		CE0ECE1C26E230D2009ED010 /* Store.State.swift */ = {isa = PBXFileReference; lastKnownFileType = sourcecode.swift; path = Store.State.swift; sourceTree = "<group>"; };
		CE0ECE1E26E23338009ED010 /* Safe.Content.swift */ = {isa = PBXFileReference; lastKnownFileType = sourcecode.swift; path = Safe.Content.swift; sourceTree = "<group>"; };
		CE0F341726E22C18000388F3 /* Store.swift */ = {isa = PBXFileReference; lastKnownFileType = sourcecode.swift; path = Store.swift; sourceTree = "<group>"; };
		CE2A54B626E239E10072A39F /* Configuration.storekit */ = {isa = PBXFileReference; lastKnownFileType = text; path = Configuration.storekit; sourceTree = "<group>"; };
		CE2A54B726E247220072A39F /* Safe.Content.Item.swift */ = {isa = PBXFileReference; lastKnownFileType = sourcecode.swift; path = Safe.Content.Item.swift; sourceTree = "<group>"; };
		CE2DAFBA26D8EB880009E974 /* Shortbread.app */ = {isa = PBXFileReference; explicitFileType = wrapper.application; includeInIndex = 0; path = Shortbread.app; sourceTree = BUILT_PRODUCTS_DIR; };
		CE2DAFBD26D8EB880009E974 /* App.swift */ = {isa = PBXFileReference; lastKnownFileType = sourcecode.swift; path = App.swift; sourceTree = "<group>"; };
		CE2DAFBF26D8EB880009E974 /* Sidebar.swift */ = {isa = PBXFileReference; lastKnownFileType = sourcecode.swift; path = Sidebar.swift; sourceTree = "<group>"; };
		CE2DAFC126D8EB890009E974 /* Assets.xcassets */ = {isa = PBXFileReference; lastKnownFileType = folder.assetcatalog; path = Assets.xcassets; sourceTree = "<group>"; };
		CE3DBE4726DA493C002AE5B0 /* Media.xcassets */ = {isa = PBXFileReference; lastKnownFileType = folder.assetcatalog; path = Media.xcassets; sourceTree = "<group>"; };
		CE6366D226DB927D0047EB1C /* Full.swift */ = {isa = PBXFileReference; lastKnownFileType = sourcecode.swift; path = Full.swift; sourceTree = "<group>"; };
		CE6C8DF926E6528B00149D95 /* Create.swift */ = {isa = PBXFileReference; lastKnownFileType = sourcecode.swift; path = Create.swift; sourceTree = "<group>"; };
		CE6C8DFB26E67D7A00149D95 /* UISplitViewController.swift */ = {isa = PBXFileReference; lastKnownFileType = sourcecode.swift; path = UISplitViewController.swift; sourceTree = "<group>"; };
		CE6F48A726DA5ADC00F778A9 /* Option.swift */ = {isa = PBXFileReference; lastKnownFileType = sourcecode.swift; path = Option.swift; sourceTree = "<group>"; };
		CE6F48A926DA640D00F778A9 /* Sidebar.Filter.swift */ = {isa = PBXFileReference; lastKnownFileType = sourcecode.swift; path = Sidebar.Filter.swift; sourceTree = "<group>"; };
		CE6F48AB26DA766800F778A9 /* App.Modal.swift */ = {isa = PBXFileReference; lastKnownFileType = sourcecode.swift; path = App.Modal.swift; sourceTree = "<group>"; };
		CE6F48AD26DA76E600F778A9 /* Tags.swift */ = {isa = PBXFileReference; lastKnownFileType = sourcecode.swift; path = Tags.swift; sourceTree = "<group>"; };
		CE6F48AF26DA7B6D00F778A9 /* Safe.swift */ = {isa = PBXFileReference; lastKnownFileType = sourcecode.swift; path = Safe.swift; sourceTree = "<group>"; };
		CE6F48B126DA7C0900F778A9 /* Writer.swift */ = {isa = PBXFileReference; lastKnownFileType = sourcecode.swift; path = Writer.swift; sourceTree = "<group>"; };
		CE6F48B326DA882200F778A9 /* Writer.Coordinator.swift */ = {isa = PBXFileReference; lastKnownFileType = sourcecode.swift; path = Writer.Coordinator.swift; sourceTree = "<group>"; };
		CE6F48B526DA885700F778A9 /* App.Modal.Write.swift */ = {isa = PBXFileReference; lastKnownFileType = sourcecode.swift; path = App.Modal.Write.swift; sourceTree = "<group>"; };
		CE6F48B726DA88D200F778A9 /* Container.swift */ = {isa = PBXFileReference; lastKnownFileType = sourcecode.swift; path = Container.swift; sourceTree = "<group>"; };
		CE75611F26DFB59D00C094BA /* Info.plist */ = {isa = PBXFileReference; lastKnownFileType = text.plist; path = Info.plist; sourceTree = "<group>"; };
		CE75612026DFB5AF00C094BA /* iOS.entitlements */ = {isa = PBXFileReference; lastKnownFileType = text.plist.entitlements; path = iOS.entitlements; sourceTree = "<group>"; };
		CE75612226DFB5B500C094BA /* CloudKit.framework */ = {isa = PBXFileReference; lastKnownFileType = wrapper.framework; name = CloudKit.framework; path = Platforms/iPhoneOS.platform/Developer/SDKs/iPhoneOS15.0.sdk/System/Library/Frameworks/CloudKit.framework; sourceTree = DEVELOPER_DIR; };
		CE75612426DFB5D900C094BA /* StoreKit.framework */ = {isa = PBXFileReference; lastKnownFileType = wrapper.framework; name = StoreKit.framework; path = Platforms/iPhoneOS.platform/Developer/SDKs/iPhoneOS15.0.sdk/System/Library/Frameworks/StoreKit.framework; sourceTree = DEVELOPER_DIR; };
		CE75612626DFB62E00C094BA /* App.Delegate.swift */ = {isa = PBXFileReference; lastKnownFileType = sourcecode.swift; path = App.Delegate.swift; sourceTree = "<group>"; };
		CEB1027426E3A713007D0BBE /* Dismiss.swift */ = {isa = PBXFileReference; lastKnownFileType = sourcecode.swift; path = Dismiss.swift; sourceTree = "<group>"; };
		CEB1027626E3AA4E007D0BBE /* Copy.swift */ = {isa = PBXFileReference; lastKnownFileType = sourcecode.swift; path = Copy.swift; sourceTree = "<group>"; };
		CEB1027826E3ABA9007D0BBE /* UIApplication.swift */ = {isa = PBXFileReference; lastKnownFileType = sourcecode.swift; path = UIApplication.swift; sourceTree = "<group>"; };
		CEB1027A26E3AF3E007D0BBE /* Info.swift */ = {isa = PBXFileReference; lastKnownFileType = sourcecode.swift; path = Info.swift; sourceTree = "<group>"; };
		CEB1028026E3CA3E007D0BBE /* Shortbread.appex */ = {isa = PBXFileReference; explicitFileType = "wrapper.app-extension"; includeInIndex = 0; path = Shortbread.appex; sourceTree = BUILT_PRODUCTS_DIR; };
		CEB1028126E3CA3E007D0BBE /* WidgetKit.framework */ = {isa = PBXFileReference; lastKnownFileType = wrapper.framework; name = WidgetKit.framework; path = System/Library/Frameworks/WidgetKit.framework; sourceTree = SDKROOT; };
		CEB1028326E3CA3E007D0BBE /* SwiftUI.framework */ = {isa = PBXFileReference; lastKnownFileType = wrapper.framework; name = SwiftUI.framework; path = System/Library/Frameworks/SwiftUI.framework; sourceTree = SDKROOT; };
		CEB1028826E3CA3F007D0BBE /* Assets.xcassets */ = {isa = PBXFileReference; lastKnownFileType = folder.assetcatalog; path = Assets.xcassets; sourceTree = "<group>"; };
		CEB1028A26E3CA3F007D0BBE /* Info.plist */ = {isa = PBXFileReference; lastKnownFileType = text.plist.xml; path = Info.plist; sourceTree = "<group>"; };
		CEB1029226E3CB83007D0BBE /* Secret.swift */ = {isa = PBXFileReference; lastKnownFileType = sourcecode.swift; path = Secret.swift; sourceTree = "<group>"; };
		CEB5C8BE26E0F1300001EC96 /* Empty.swift */ = {isa = PBXFileReference; lastKnownFileType = sourcecode.swift; path = Empty.swift; sourceTree = "<group>"; };
		CEB5C8C026E0F4C90001EC96 /* Toolbar.swift */ = {isa = PBXFileReference; lastKnownFileType = sourcecode.swift; path = Toolbar.swift; sourceTree = "<group>"; };
		CEB5E76126D9154600648645 /* Reveal.swift */ = {isa = PBXFileReference; lastKnownFileType = sourcecode.swift; path = Reveal.swift; sourceTree = "<group>"; };
		CEB5E76326D91CAD00648645 /* Sidebar.Item.swift */ = {isa = PBXFileReference; lastKnownFileType = sourcecode.swift; path = Sidebar.Item.swift; sourceTree = "<group>"; };
		CEB5E76526D9227D00648645 /* Tagger.swift */ = {isa = PBXFileReference; lastKnownFileType = sourcecode.swift; path = Tagger.swift; sourceTree = "<group>"; };
		CEBC5E4226E2667600118105 /* Notifications.swift */ = {isa = PBXFileReference; lastKnownFileType = sourcecode.swift; path = Notifications.swift; sourceTree = "<group>"; };
		CEBC5E4426E277EE00118105 /* Settings.swift */ = {isa = PBXFileReference; lastKnownFileType = sourcecode.swift; path = Settings.swift; sourceTree = "<group>"; };
		CEBC5E4626E278AE00118105 /* Onboard.swift */ = {isa = PBXFileReference; lastKnownFileType = sourcecode.swift; path = Onboard.swift; sourceTree = "<group>"; };
/* End PBXFileReference section */

/* Begin PBXFrameworksBuildPhase section */
		CE0C6DD526E3D31E00813563 /* Frameworks */ = {
			isa = PBXFrameworksBuildPhase;
			buildActionMask = 2147483647;
			files = (
				CE0C6DFB26E3D5C700813563 /* Secrets in Frameworks */,
				CE0C6DFE26E3D79700813563 /* CloudKit.framework in Frameworks */,
			);
			runOnlyForDeploymentPostprocessing = 0;
		};
		CE2DAFB726D8EB880009E974 /* Frameworks */ = {
			isa = PBXFrameworksBuildPhase;
			buildActionMask = 2147483647;
			files = (
				CE75612526DFB5D900C094BA /* StoreKit.framework in Frameworks */,
				CE75611E26DFA52E00C094BA /* Secrets in Frameworks */,
				CE75612326DFB5B500C094BA /* CloudKit.framework in Frameworks */,
			);
			runOnlyForDeploymentPostprocessing = 0;
		};
		CEB1027D26E3CA3E007D0BBE /* Frameworks */ = {
			isa = PBXFrameworksBuildPhase;
			buildActionMask = 2147483647;
			files = (
				CEB1028426E3CA3E007D0BBE /* SwiftUI.framework in Frameworks */,
				CEB1028226E3CA3E007D0BBE /* WidgetKit.framework in Frameworks */,
			);
			runOnlyForDeploymentPostprocessing = 0;
		};
/* End PBXFrameworksBuildPhase section */

/* Begin PBXGroup section */
		CE0C6DD126E3D31D00813563 /* Watch */ = {
			isa = PBXGroup;
			children = (
				CE0C6DD226E3D31E00813563 /* Assets.xcassets */,
			);
			path = Watch;
			sourceTree = "<group>";
		};
		CE0C6DDC26E3D31F00813563 /* Watch Extension */ = {
			isa = PBXGroup;
			children = (
				CE0C6DFC26E3D76300813563 /* Watch Extension.entitlements */,
				CE0C6DE826E3D31F00813563 /* Info.plist */,
				CE0C6DF426E3D44A00813563 /* App.Delegate.swift */,
				CE0C6DE126E3D31F00813563 /* App.swift */,
				CE6C8DF926E6528B00149D95 /* Create.swift */,
				CE0C6DF826E3D4A400813563 /* Reveal.swift */,
				CE0C6DF626E3D47E00813563 /* Sidebar.swift */,
			);
			path = "Watch Extension";
			sourceTree = "<group>";
		};
		CE2DAFAF26D8EB460009E974 = {
			isa = PBXGroup;
			children = (
				CE75612126DFB5B500C094BA /* Frameworks */,
				CE2DAFBC26D8EB880009E974 /* iOS */,
				CE2DAFBB26D8EB880009E974 /* Products */,
				CEB5E76726D925C400648645 /* Shared */,
				CE0C6DD126E3D31D00813563 /* Watch */,
				CE0C6DDC26E3D31F00813563 /* Watch Extension */,
				CEB1028526E3CA3E007D0BBE /* Widget */,
			);
			sourceTree = "<group>";
		};
		CE2DAFBB26D8EB880009E974 /* Products */ = {
			isa = PBXGroup;
			children = (
				CE2DAFBA26D8EB880009E974 /* Shortbread.app */,
				CEB1028026E3CA3E007D0BBE /* Shortbread.appex */,
				CE0C6DD026E3D31D00813563 /* Shortbread.app */,
				CE0C6DD826E3D31E00813563 /* Shortbread.appex */,
			);
			name = Products;
			sourceTree = "<group>";
		};
		CE2DAFBC26D8EB880009E974 /* iOS */ = {
			isa = PBXGroup;
			children = (
				CE75612026DFB5AF00C094BA /* iOS.entitlements */,
				CE75611F26DFB59D00C094BA /* Info.plist */,
				CE75612626DFB62E00C094BA /* App.Delegate.swift */,
				CE6F48AB26DA766800F778A9 /* App.Modal.swift */,
				CE6F48B526DA885700F778A9 /* App.Modal.Write.swift */,
				CE2DAFBD26D8EB880009E974 /* App.swift */,
				CEB1027426E3A713007D0BBE /* Dismiss.swift */,
				CEB5C8BE26E0F1300001EC96 /* Empty.swift */,
				CE6366D226DB927D0047EB1C /* Full.swift */,
				CEBC5E4626E278AE00118105 /* Onboard.swift */,
				CE6F48A726DA5ADC00F778A9 /* Option.swift */,
				CEB5E76126D9154600648645 /* Reveal.swift */,
				CE2A54B726E247220072A39F /* Safe.Content.Item.swift */,
				CE0ECE1E26E23338009ED010 /* Safe.Content.swift */,
				CE6F48AF26DA7B6D00F778A9 /* Safe.swift */,
				CEB1027A26E3AF3E007D0BBE /* Info.swift */,
				CEBC5E4426E277EE00118105 /* Settings.swift */,
				CE6F48A926DA640D00F778A9 /* Sidebar.Filter.swift */,
				CEB5E76326D91CAD00648645 /* Sidebar.Item.swift */,
				CE2DAFBF26D8EB880009E974 /* Sidebar.swift */,
				CEB5E76526D9227D00648645 /* Tagger.swift */,
				CE6F48AD26DA76E600F778A9 /* Tags.swift */,
				CEB5C8C026E0F4C90001EC96 /* Toolbar.swift */,
				CEB1027826E3ABA9007D0BBE /* UIApplication.swift */,
				CE6C8DFB26E67D7A00149D95 /* UISplitViewController.swift */,
				CE6F48B326DA882200F778A9 /* Writer.Coordinator.swift */,
				CE6F48B126DA7C0900F778A9 /* Writer.swift */,
				CE2DAFC126D8EB890009E974 /* Assets.xcassets */,
			);
			path = iOS;
			sourceTree = "<group>";
		};
		CE75612126DFB5B500C094BA /* Frameworks */ = {
			isa = PBXGroup;
			children = (
				CE0C6DFD26E3D79700813563 /* CloudKit.framework */,
				CE75612426DFB5D900C094BA /* StoreKit.framework */,
				CE75612226DFB5B500C094BA /* CloudKit.framework */,
				CEB1028126E3CA3E007D0BBE /* WidgetKit.framework */,
				CEB1028326E3CA3E007D0BBE /* SwiftUI.framework */,
			);
			name = Frameworks;
			sourceTree = "<group>";
		};
		CEB1028526E3CA3E007D0BBE /* Widget */ = {
			isa = PBXGroup;
			children = (
				CEB1028A26E3CA3F007D0BBE /* Info.plist */,
				CEB1029226E3CB83007D0BBE /* Secret.swift */,
				CEB1028826E3CA3F007D0BBE /* Assets.xcassets */,
			);
			path = Widget;
			sourceTree = "<group>";
		};
		CEB5E76726D925C400648645 /* Shared */ = {
			isa = PBXGroup;
			children = (
				CE2A54B626E239E10072A39F /* Configuration.storekit */,
				CE6F48B726DA88D200F778A9 /* Container.swift */,
				CEB1027626E3AA4E007D0BBE /* Copy.swift */,
				CEBC5E4226E2667600118105 /* Notifications.swift */,
				CE0ECE1C26E230D2009ED010 /* Store.State.swift */,
				CE0F341726E22C18000388F3 /* Store.swift */,
				CE0B965226E2596E00764AAE /* Transaction.swift */,
				CE3DBE4726DA493C002AE5B0 /* Media.xcassets */,
			);
			path = Shared;
			sourceTree = "<group>";
		};
/* End PBXGroup section */

/* Begin PBXNativeTarget section */
		CE0C6DCF26E3D31D00813563 /* Watch */ = {
			isa = PBXNativeTarget;
			buildConfigurationList = CE0C6DF326E3D32000813563 /* Build configuration list for PBXNativeTarget "Watch" */;
			buildPhases = (
				CE0C6DCE26E3D31D00813563 /* Resources */,
				CE0C6DEF26E3D32000813563 /* Embed App Extensions */,
			);
			buildRules = (
			);
			dependencies = (
				CE0C6DDB26E3D31E00813563 /* PBXTargetDependency */,
			);
			name = Watch;
			productName = Watch;
			productReference = CE0C6DD026E3D31D00813563 /* Shortbread.app */;
			productType = "com.apple.product-type.application.watchapp2";
		};
		CE0C6DD726E3D31E00813563 /* Watch Extension */ = {
			isa = PBXNativeTarget;
			buildConfigurationList = CE0C6DF226E3D32000813563 /* Build configuration list for PBXNativeTarget "Watch Extension" */;
			buildPhases = (
				CE0C6DD426E3D31E00813563 /* Sources */,
				CE0C6DD526E3D31E00813563 /* Frameworks */,
				CE0C6DD626E3D31E00813563 /* Resources */,
			);
			buildRules = (
			);
			dependencies = (
			);
			name = "Watch Extension";
			packageProductDependencies = (
				CE0C6DFA26E3D5C700813563 /* Secrets */,
			);
			productName = "Watch Extension";
			productReference = CE0C6DD826E3D31E00813563 /* Shortbread.appex */;
			productType = "com.apple.product-type.watchkit2-extension";
		};
		CE2DAFB926D8EB880009E974 /* iOS */ = {
			isa = PBXNativeTarget;
			buildConfigurationList = CE2DAFC626D8EB890009E974 /* Build configuration list for PBXNativeTarget "iOS" */;
			buildPhases = (
				CE2DAFB626D8EB880009E974 /* Sources */,
				CE2DAFB726D8EB880009E974 /* Frameworks */,
				CE2DAFB826D8EB880009E974 /* Resources */,
				CEB1029126E3CA3F007D0BBE /* Embed App Extensions */,
				CE0C6DEC26E3D32000813563 /* Embed Watch Content */,
			);
			buildRules = (
			);
			dependencies = (
				CEB1028C26E3CA3F007D0BBE /* PBXTargetDependency */,
				CE0C6DEA26E3D32000813563 /* PBXTargetDependency */,
			);
			name = iOS;
			packageProductDependencies = (
				CE75611D26DFA52E00C094BA /* Secrets */,
			);
			productName = iOS;
			productReference = CE2DAFBA26D8EB880009E974 /* Shortbread.app */;
			productType = "com.apple.product-type.application";
		};
		CEB1027F26E3CA3E007D0BBE /* Widget */ = {
			isa = PBXNativeTarget;
			buildConfigurationList = CEB1028E26E3CA3F007D0BBE /* Build configuration list for PBXNativeTarget "Widget" */;
			buildPhases = (
				CEB1027C26E3CA3E007D0BBE /* Sources */,
				CEB1027D26E3CA3E007D0BBE /* Frameworks */,
				CEB1027E26E3CA3E007D0BBE /* Resources */,
			);
			buildRules = (
			);
			dependencies = (
			);
			name = Widget;
			productName = WidgetExtension;
			productReference = CEB1028026E3CA3E007D0BBE /* Shortbread.appex */;
			productType = "com.apple.product-type.app-extension";
		};
/* End PBXNativeTarget section */

/* Begin PBXProject section */
		CE2DAFB026D8EB460009E974 /* Project object */ = {
			isa = PBXProject;
			attributes = {
				BuildIndependentTargetsInParallel = 1;
				LastSwiftUpdateCheck = 1300;
				LastUpgradeCheck = 1300;
				TargetAttributes = {
					CE0C6DCF26E3D31D00813563 = {
						CreatedOnToolsVersion = 13.0;
					};
					CE0C6DD726E3D31E00813563 = {
						CreatedOnToolsVersion = 13.0;
					};
					CE2DAFB926D8EB880009E974 = {
						CreatedOnToolsVersion = 13.0;
					};
					CEB1027F26E3CA3E007D0BBE = {
						CreatedOnToolsVersion = 13.0;
					};
				};
			};
			buildConfigurationList = CE2DAFB326D8EB460009E974 /* Build configuration list for PBXProject "Shortbread" */;
			compatibilityVersion = "Xcode 13.0";
			developmentRegion = en;
			hasScannedForEncodings = 0;
			knownRegions = (
				en,
				Base,
			);
			mainGroup = CE2DAFAF26D8EB460009E974;
			packageReferences = (
				CE75611C26DFA52E00C094BA /* XCRemoteSwiftPackageReference "secrets" */,
			);
			productRefGroup = CE2DAFBB26D8EB880009E974 /* Products */;
			projectDirPath = "";
			projectRoot = "";
			targets = (
				CE2DAFB926D8EB880009E974 /* iOS */,
				CEB1027F26E3CA3E007D0BBE /* Widget */,
				CE0C6DCF26E3D31D00813563 /* Watch */,
				CE0C6DD726E3D31E00813563 /* Watch Extension */,
			);
		};
/* End PBXProject section */

/* Begin PBXResourcesBuildPhase section */
		CE0C6DCE26E3D31D00813563 /* Resources */ = {
			isa = PBXResourcesBuildPhase;
			buildActionMask = 2147483647;
			files = (
				CE0C6DD326E3D31E00813563 /* Assets.xcassets in Resources */,
			);
			runOnlyForDeploymentPostprocessing = 0;
		};
		CE0C6DD626E3D31E00813563 /* Resources */ = {
			isa = PBXResourcesBuildPhase;
			buildActionMask = 2147483647;
			files = (
			);
			runOnlyForDeploymentPostprocessing = 0;
		};
		CE2DAFB826D8EB880009E974 /* Resources */ = {
			isa = PBXResourcesBuildPhase;
			buildActionMask = 2147483647;
			files = (
				CE3DBE4826DA493C002AE5B0 /* Media.xcassets in Resources */,
				CE2DAFC226D8EB890009E974 /* Assets.xcassets in Resources */,
			);
			runOnlyForDeploymentPostprocessing = 0;
		};
		CEB1027E26E3CA3E007D0BBE /* Resources */ = {
			isa = PBXResourcesBuildPhase;
			buildActionMask = 2147483647;
			files = (
				CEB1028926E3CA3F007D0BBE /* Assets.xcassets in Resources */,
			);
			runOnlyForDeploymentPostprocessing = 0;
		};
/* End PBXResourcesBuildPhase section */

/* Begin PBXSourcesBuildPhase section */
		CE0C6DD426E3D31E00813563 /* Sources */ = {
			isa = PBXSourcesBuildPhase;
			buildActionMask = 2147483647;
			files = (
				CE0C6DE226E3D31F00813563 /* App.swift in Sources */,
				CE0C6DF726E3D47E00813563 /* Sidebar.swift in Sources */,
				CE0C6DF926E3D4A400813563 /* Reveal.swift in Sources */,
				CE0C6DF526E3D44A00813563 /* App.Delegate.swift in Sources */,
				CE6C8DFA26E6528B00149D95 /* Create.swift in Sources */,
			);
			runOnlyForDeploymentPostprocessing = 0;
		};
		CE2DAFB626D8EB880009E974 /* Sources */ = {
			isa = PBXSourcesBuildPhase;
			buildActionMask = 2147483647;
			files = (
				CEBC5E4526E277EE00118105 /* Settings.swift in Sources */,
				CE2DAFC026D8EB880009E974 /* Sidebar.swift in Sources */,
				CE0ECE1F26E23338009ED010 /* Safe.Content.swift in Sources */,
				CEBC5E4726E278AE00118105 /* Onboard.swift in Sources */,
				CE2DAFBE26D8EB880009E974 /* App.swift in Sources */,
				CEB1027726E3AA4E007D0BBE /* Copy.swift in Sources */,
				CE75612726DFB62E00C094BA /* App.Delegate.swift in Sources */,
				CE0F341826E22C18000388F3 /* Store.swift in Sources */,
				CE6F48B226DA7C0900F778A9 /* Writer.swift in Sources */,
				CE6F48AE26DA76E600F778A9 /* Tags.swift in Sources */,
				CEB5E76226D9154600648645 /* Reveal.swift in Sources */,
				CEBC5E4326E2667600118105 /* Notifications.swift in Sources */,
				CEB5C8BF26E0F1300001EC96 /* Empty.swift in Sources */,
				CE6F48B026DA7B6D00F778A9 /* Safe.swift in Sources */,
				CE6F48B626DA885700F778A9 /* App.Modal.Write.swift in Sources */,
				CEB5E76426D91CAD00648645 /* Sidebar.Item.swift in Sources */,
				CE6F48B426DA882200F778A9 /* Writer.Coordinator.swift in Sources */,
				CE6F48A826DA5ADC00F778A9 /* Option.swift in Sources */,
				CEB1027926E3ABA9007D0BBE /* UIApplication.swift in Sources */,
				CEB5C8C126E0F4C90001EC96 /* Toolbar.swift in Sources */,
				CE0B965326E2596E00764AAE /* Transaction.swift in Sources */,
				CE0ECE1D26E230D2009ED010 /* Store.State.swift in Sources */,
				CEB1027526E3A713007D0BBE /* Dismiss.swift in Sources */,
				CE6C8DFC26E67D7A00149D95 /* UISplitViewController.swift in Sources */,
				CE6F48AC26DA766800F778A9 /* App.Modal.swift in Sources */,
				CEB1027B26E3AF3E007D0BBE /* Info.swift in Sources */,
				CEB5E76626D9227D00648645 /* Tagger.swift in Sources */,
				CE6366D326DB927D0047EB1C /* Full.swift in Sources */,
				CE6F48B826DA88D200F778A9 /* Container.swift in Sources */,
				CE6F48AA26DA640D00F778A9 /* Sidebar.Filter.swift in Sources */,
				CE2A54B826E247220072A39F /* Safe.Content.Item.swift in Sources */,
			);
			runOnlyForDeploymentPostprocessing = 0;
		};
		CEB1027C26E3CA3E007D0BBE /* Sources */ = {
			isa = PBXSourcesBuildPhase;
			buildActionMask = 2147483647;
			files = (
				CEB1029326E3CB83007D0BBE /* Secret.swift in Sources */,
			);
			runOnlyForDeploymentPostprocessing = 0;
		};
/* End PBXSourcesBuildPhase section */

/* Begin PBXTargetDependency section */
		CE0C6DDB26E3D31E00813563 /* PBXTargetDependency */ = {
			isa = PBXTargetDependency;
			target = CE0C6DD726E3D31E00813563 /* Watch Extension */;
			targetProxy = CE0C6DDA26E3D31E00813563 /* PBXContainerItemProxy */;
		};
		CE0C6DEA26E3D32000813563 /* PBXTargetDependency */ = {
			isa = PBXTargetDependency;
			target = CE0C6DCF26E3D31D00813563 /* Watch */;
			targetProxy = CE0C6DE926E3D32000813563 /* PBXContainerItemProxy */;
		};
		CEB1028C26E3CA3F007D0BBE /* PBXTargetDependency */ = {
			isa = PBXTargetDependency;
			target = CEB1027F26E3CA3E007D0BBE /* Widget */;
			targetProxy = CEB1028B26E3CA3F007D0BBE /* PBXContainerItemProxy */;
		};
/* End PBXTargetDependency section */

/* Begin XCBuildConfiguration section */
		CE0C6DED26E3D32000813563 /* Debug */ = {
			isa = XCBuildConfiguration;
			buildSettings = {
				ALWAYS_EMBED_SWIFT_STANDARD_LIBRARIES = YES;
				ALWAYS_SEARCH_USER_PATHS = NO;
				ASSETCATALOG_COMPILER_APPICON_NAME = AppIcon;
				ASSETCATALOG_COMPILER_GLOBAL_ACCENT_COLOR_NAME = AccentColor;
				CLANG_ANALYZER_NONNULL = YES;
				CLANG_ANALYZER_NUMBER_OBJECT_CONVERSION = YES_AGGRESSIVE;
				CLANG_CXX_LANGUAGE_STANDARD = "gnu++17";
				CLANG_CXX_LIBRARY = "libc++";
				CLANG_ENABLE_OBJC_ARC = YES;
				CLANG_ENABLE_OBJC_WEAK = YES;
				CLANG_WARN_BLOCK_CAPTURE_AUTORELEASING = YES;
				CLANG_WARN_BOOL_CONVERSION = YES;
				CLANG_WARN_COMMA = YES;
				CLANG_WARN_CONSTANT_CONVERSION = YES;
				CLANG_WARN_DEPRECATED_OBJC_IMPLEMENTATIONS = YES;
				CLANG_WARN_DIRECT_OBJC_ISA_USAGE = YES_ERROR;
				CLANG_WARN_DOCUMENTATION_COMMENTS = YES;
				CLANG_WARN_EMPTY_BODY = YES;
				CLANG_WARN_ENUM_CONVERSION = YES;
				CLANG_WARN_INFINITE_RECURSION = YES;
				CLANG_WARN_INT_CONVERSION = YES;
				CLANG_WARN_NON_LITERAL_NULL_CONVERSION = YES;
				CLANG_WARN_OBJC_IMPLICIT_RETAIN_SELF = YES;
				CLANG_WARN_OBJC_LITERAL_CONVERSION = YES;
				CLANG_WARN_OBJC_ROOT_CLASS = YES_ERROR;
				CLANG_WARN_QUOTED_INCLUDE_IN_FRAMEWORK_HEADER = YES;
				CLANG_WARN_RANGE_LOOP_ANALYSIS = YES;
				CLANG_WARN_STRICT_PROTOTYPES = YES;
				CLANG_WARN_SUSPICIOUS_MOVE = YES;
				CLANG_WARN_UNGUARDED_AVAILABILITY = YES_AGGRESSIVE;
				CLANG_WARN_UNREACHABLE_CODE = YES;
				CLANG_WARN__DUPLICATE_METHOD_MATCH = YES;
				CODE_SIGN_STYLE = Automatic;
				COPY_PHASE_STRIP = NO;
				DEVELOPMENT_TEAM = 7AMWG3RLHN;
				ENABLE_STRICT_OBJC_MSGSEND = YES;
				ENABLE_TESTABILITY = YES;
				GCC_C_LANGUAGE_STANDARD = gnu11;
				GCC_DYNAMIC_NO_PIC = NO;
				GCC_NO_COMMON_BLOCKS = YES;
				GCC_PREPROCESSOR_DEFINITIONS = (
					"DEBUG=1",
					"$(inherited)",
				);
				GCC_WARN_64_TO_32_BIT_CONVERSION = YES;
				GCC_WARN_ABOUT_RETURN_TYPE = YES_ERROR;
				GCC_WARN_UNDECLARED_SELECTOR = YES;
				GCC_WARN_UNINITIALIZED_AUTOS = YES_AGGRESSIVE;
				GCC_WARN_UNUSED_FUNCTION = YES;
				GCC_WARN_UNUSED_VARIABLE = YES;
				GENERATE_INFOPLIST_FILE = YES;
				IBSC_MODULE = Watch_Extension;
				INFOPLIST_KEY_UISupportedInterfaceOrientations = "UIInterfaceOrientationPortrait UIInterfaceOrientationPortraitUpsideDown";
				INFOPLIST_KEY_WKCompanionAppBundleIdentifier = shortbread;
				MTL_ENABLE_DEBUG_INFO = INCLUDE_SOURCE;
				MTL_FAST_MATH = YES;
				ONLY_ACTIVE_ARCH = YES;
				PRODUCT_BUNDLE_IDENTIFIER = shortbread.watch;
				PRODUCT_MODULE_NAME = "$(PRODUCT_NAME:c99extidentifier)_watch";
				SDKROOT = watchos;
				SKIP_INSTALL = YES;
				SWIFT_ACTIVE_COMPILATION_CONDITIONS = DEBUG;
				SWIFT_EMIT_LOC_STRINGS = YES;
				TARGETED_DEVICE_FAMILY = 4;
			};
			name = Debug;
		};
		CE0C6DEE26E3D32000813563 /* Release */ = {
			isa = XCBuildConfiguration;
			buildSettings = {
				ALWAYS_EMBED_SWIFT_STANDARD_LIBRARIES = YES;
				ALWAYS_SEARCH_USER_PATHS = NO;
				ASSETCATALOG_COMPILER_APPICON_NAME = AppIcon;
				ASSETCATALOG_COMPILER_GLOBAL_ACCENT_COLOR_NAME = AccentColor;
				CLANG_ANALYZER_NONNULL = YES;
				CLANG_ANALYZER_NUMBER_OBJECT_CONVERSION = YES_AGGRESSIVE;
				CLANG_CXX_LANGUAGE_STANDARD = "gnu++17";
				CLANG_CXX_LIBRARY = "libc++";
				CLANG_ENABLE_OBJC_ARC = YES;
				CLANG_ENABLE_OBJC_WEAK = YES;
				CLANG_WARN_BLOCK_CAPTURE_AUTORELEASING = YES;
				CLANG_WARN_BOOL_CONVERSION = YES;
				CLANG_WARN_COMMA = YES;
				CLANG_WARN_CONSTANT_CONVERSION = YES;
				CLANG_WARN_DEPRECATED_OBJC_IMPLEMENTATIONS = YES;
				CLANG_WARN_DIRECT_OBJC_ISA_USAGE = YES_ERROR;
				CLANG_WARN_DOCUMENTATION_COMMENTS = YES;
				CLANG_WARN_EMPTY_BODY = YES;
				CLANG_WARN_ENUM_CONVERSION = YES;
				CLANG_WARN_INFINITE_RECURSION = YES;
				CLANG_WARN_INT_CONVERSION = YES;
				CLANG_WARN_NON_LITERAL_NULL_CONVERSION = YES;
				CLANG_WARN_OBJC_IMPLICIT_RETAIN_SELF = YES;
				CLANG_WARN_OBJC_LITERAL_CONVERSION = YES;
				CLANG_WARN_OBJC_ROOT_CLASS = YES_ERROR;
				CLANG_WARN_QUOTED_INCLUDE_IN_FRAMEWORK_HEADER = YES;
				CLANG_WARN_RANGE_LOOP_ANALYSIS = YES;
				CLANG_WARN_STRICT_PROTOTYPES = YES;
				CLANG_WARN_SUSPICIOUS_MOVE = YES;
				CLANG_WARN_UNGUARDED_AVAILABILITY = YES_AGGRESSIVE;
				CLANG_WARN_UNREACHABLE_CODE = YES;
				CLANG_WARN__DUPLICATE_METHOD_MATCH = YES;
				CODE_SIGN_STYLE = Automatic;
				COPY_PHASE_STRIP = NO;
				DEVELOPMENT_TEAM = 7AMWG3RLHN;
				ENABLE_NS_ASSERTIONS = NO;
				ENABLE_STRICT_OBJC_MSGSEND = YES;
				GCC_C_LANGUAGE_STANDARD = gnu11;
				GCC_NO_COMMON_BLOCKS = YES;
				GCC_WARN_64_TO_32_BIT_CONVERSION = YES;
				GCC_WARN_ABOUT_RETURN_TYPE = YES_ERROR;
				GCC_WARN_UNDECLARED_SELECTOR = YES;
				GCC_WARN_UNINITIALIZED_AUTOS = YES_AGGRESSIVE;
				GCC_WARN_UNUSED_FUNCTION = YES;
				GCC_WARN_UNUSED_VARIABLE = YES;
				GENERATE_INFOPLIST_FILE = YES;
				IBSC_MODULE = Watch_Extension;
				INFOPLIST_KEY_UISupportedInterfaceOrientations = "UIInterfaceOrientationPortrait UIInterfaceOrientationPortraitUpsideDown";
				INFOPLIST_KEY_WKCompanionAppBundleIdentifier = shortbread;
				MTL_ENABLE_DEBUG_INFO = NO;
				MTL_FAST_MATH = YES;
				PRODUCT_BUNDLE_IDENTIFIER = shortbread.watch;
				PRODUCT_MODULE_NAME = "$(PRODUCT_NAME:c99extidentifier)_watch";
				SDKROOT = watchos;
				SKIP_INSTALL = YES;
				SWIFT_EMIT_LOC_STRINGS = YES;
				TARGETED_DEVICE_FAMILY = 4;
				VALIDATE_PRODUCT = YES;
			};
			name = Release;
		};
		CE0C6DF026E3D32000813563 /* Debug */ = {
			isa = XCBuildConfiguration;
			buildSettings = {
				ALWAYS_SEARCH_USER_PATHS = NO;
				ASSETCATALOG_COMPILER_COMPLICATION_NAME = Complication;
				CLANG_ANALYZER_NONNULL = YES;
				CLANG_ANALYZER_NUMBER_OBJECT_CONVERSION = YES_AGGRESSIVE;
				CLANG_CXX_LANGUAGE_STANDARD = "gnu++17";
				CLANG_CXX_LIBRARY = "libc++";
				CLANG_ENABLE_OBJC_ARC = YES;
				CLANG_ENABLE_OBJC_WEAK = YES;
				CLANG_WARN_BLOCK_CAPTURE_AUTORELEASING = YES;
				CLANG_WARN_BOOL_CONVERSION = YES;
				CLANG_WARN_COMMA = YES;
				CLANG_WARN_CONSTANT_CONVERSION = YES;
				CLANG_WARN_DEPRECATED_OBJC_IMPLEMENTATIONS = YES;
				CLANG_WARN_DIRECT_OBJC_ISA_USAGE = YES_ERROR;
				CLANG_WARN_DOCUMENTATION_COMMENTS = YES;
				CLANG_WARN_EMPTY_BODY = YES;
				CLANG_WARN_ENUM_CONVERSION = YES;
				CLANG_WARN_INFINITE_RECURSION = YES;
				CLANG_WARN_INT_CONVERSION = YES;
				CLANG_WARN_NON_LITERAL_NULL_CONVERSION = YES;
				CLANG_WARN_OBJC_IMPLICIT_RETAIN_SELF = YES;
				CLANG_WARN_OBJC_LITERAL_CONVERSION = YES;
				CLANG_WARN_OBJC_ROOT_CLASS = YES_ERROR;
				CLANG_WARN_QUOTED_INCLUDE_IN_FRAMEWORK_HEADER = YES;
				CLANG_WARN_RANGE_LOOP_ANALYSIS = YES;
				CLANG_WARN_STRICT_PROTOTYPES = YES;
				CLANG_WARN_SUSPICIOUS_MOVE = YES;
				CLANG_WARN_UNGUARDED_AVAILABILITY = YES_AGGRESSIVE;
				CLANG_WARN_UNREACHABLE_CODE = YES;
				CLANG_WARN__DUPLICATE_METHOD_MATCH = YES;
				CODE_SIGN_ENTITLEMENTS = "Watch Extension/Watch Extension.entitlements";
				CODE_SIGN_STYLE = Automatic;
				COPY_PHASE_STRIP = NO;
				DEVELOPMENT_TEAM = 7AMWG3RLHN;
				ENABLE_STRICT_OBJC_MSGSEND = YES;
				ENABLE_TESTABILITY = YES;
				GCC_C_LANGUAGE_STANDARD = gnu11;
				GCC_DYNAMIC_NO_PIC = NO;
				GCC_NO_COMMON_BLOCKS = YES;
				GCC_PREPROCESSOR_DEFINITIONS = (
					"DEBUG=1",
					"$(inherited)",
				);
				GCC_WARN_64_TO_32_BIT_CONVERSION = YES;
				GCC_WARN_ABOUT_RETURN_TYPE = YES_ERROR;
				GCC_WARN_UNDECLARED_SELECTOR = YES;
				GCC_WARN_UNINITIALIZED_AUTOS = YES_AGGRESSIVE;
				GCC_WARN_UNUSED_FUNCTION = YES;
				GCC_WARN_UNUSED_VARIABLE = YES;
				GENERATE_INFOPLIST_FILE = YES;
				INFOPLIST_FILE = "Watch Extension/Info.plist";
				INFOPLIST_KEY_CFBundleDisplayName = Shortbread;
				INFOPLIST_KEY_NSHumanReadableCopyright = "Shortbread 2021";
				INFOPLIST_KEY_WKRunsIndependentlyOfCompanionApp = YES;
				LD_RUNPATH_SEARCH_PATHS = (
					"$(inherited)",
					"@executable_path/Frameworks",
					"@executable_path/../../Frameworks",
				);
				MTL_ENABLE_DEBUG_INFO = INCLUDE_SOURCE;
				MTL_FAST_MATH = YES;
				ONLY_ACTIVE_ARCH = YES;
				PRODUCT_BUNDLE_IDENTIFIER = shortbread.watch.extension;
				PRODUCT_MODULE_NAME = "$(PRODUCT_NAME:c99extidentifier)_watch_extension";
				SDKROOT = watchos;
				SKIP_INSTALL = YES;
				SWIFT_ACTIVE_COMPILATION_CONDITIONS = DEBUG;
				SWIFT_EMIT_LOC_STRINGS = YES;
				TARGETED_DEVICE_FAMILY = 4;
			};
			name = Debug;
		};
		CE0C6DF126E3D32000813563 /* Release */ = {
			isa = XCBuildConfiguration;
			buildSettings = {
				ALWAYS_SEARCH_USER_PATHS = NO;
				ASSETCATALOG_COMPILER_COMPLICATION_NAME = Complication;
				CLANG_ANALYZER_NONNULL = YES;
				CLANG_ANALYZER_NUMBER_OBJECT_CONVERSION = YES_AGGRESSIVE;
				CLANG_CXX_LANGUAGE_STANDARD = "gnu++17";
				CLANG_CXX_LIBRARY = "libc++";
				CLANG_ENABLE_OBJC_ARC = YES;
				CLANG_ENABLE_OBJC_WEAK = YES;
				CLANG_WARN_BLOCK_CAPTURE_AUTORELEASING = YES;
				CLANG_WARN_BOOL_CONVERSION = YES;
				CLANG_WARN_COMMA = YES;
				CLANG_WARN_CONSTANT_CONVERSION = YES;
				CLANG_WARN_DEPRECATED_OBJC_IMPLEMENTATIONS = YES;
				CLANG_WARN_DIRECT_OBJC_ISA_USAGE = YES_ERROR;
				CLANG_WARN_DOCUMENTATION_COMMENTS = YES;
				CLANG_WARN_EMPTY_BODY = YES;
				CLANG_WARN_ENUM_CONVERSION = YES;
				CLANG_WARN_INFINITE_RECURSION = YES;
				CLANG_WARN_INT_CONVERSION = YES;
				CLANG_WARN_NON_LITERAL_NULL_CONVERSION = YES;
				CLANG_WARN_OBJC_IMPLICIT_RETAIN_SELF = YES;
				CLANG_WARN_OBJC_LITERAL_CONVERSION = YES;
				CLANG_WARN_OBJC_ROOT_CLASS = YES_ERROR;
				CLANG_WARN_QUOTED_INCLUDE_IN_FRAMEWORK_HEADER = YES;
				CLANG_WARN_RANGE_LOOP_ANALYSIS = YES;
				CLANG_WARN_STRICT_PROTOTYPES = YES;
				CLANG_WARN_SUSPICIOUS_MOVE = YES;
				CLANG_WARN_UNGUARDED_AVAILABILITY = YES_AGGRESSIVE;
				CLANG_WARN_UNREACHABLE_CODE = YES;
				CLANG_WARN__DUPLICATE_METHOD_MATCH = YES;
				CODE_SIGN_ENTITLEMENTS = "Watch Extension/Watch Extension.entitlements";
				CODE_SIGN_STYLE = Automatic;
				COPY_PHASE_STRIP = NO;
				DEVELOPMENT_TEAM = 7AMWG3RLHN;
				ENABLE_NS_ASSERTIONS = NO;
				ENABLE_STRICT_OBJC_MSGSEND = YES;
				GCC_C_LANGUAGE_STANDARD = gnu11;
				GCC_NO_COMMON_BLOCKS = YES;
				GCC_WARN_64_TO_32_BIT_CONVERSION = YES;
				GCC_WARN_ABOUT_RETURN_TYPE = YES_ERROR;
				GCC_WARN_UNDECLARED_SELECTOR = YES;
				GCC_WARN_UNINITIALIZED_AUTOS = YES_AGGRESSIVE;
				GCC_WARN_UNUSED_FUNCTION = YES;
				GCC_WARN_UNUSED_VARIABLE = YES;
				GENERATE_INFOPLIST_FILE = YES;
				INFOPLIST_FILE = "Watch Extension/Info.plist";
				INFOPLIST_KEY_CFBundleDisplayName = Shortbread;
				INFOPLIST_KEY_NSHumanReadableCopyright = "Shortbread 2021";
				INFOPLIST_KEY_WKRunsIndependentlyOfCompanionApp = YES;
				LD_RUNPATH_SEARCH_PATHS = (
					"$(inherited)",
					"@executable_path/Frameworks",
					"@executable_path/../../Frameworks",
				);
				MTL_ENABLE_DEBUG_INFO = NO;
				MTL_FAST_MATH = YES;
				PRODUCT_BUNDLE_IDENTIFIER = shortbread.watch.extension;
				PRODUCT_MODULE_NAME = "$(PRODUCT_NAME:c99extidentifier)_watch_extension";
				SDKROOT = watchos;
				SKIP_INSTALL = YES;
				SWIFT_EMIT_LOC_STRINGS = YES;
				TARGETED_DEVICE_FAMILY = 4;
				VALIDATE_PRODUCT = YES;
			};
			name = Release;
		};
		CE2DAFB426D8EB460009E974 /* Debug */ = {
			isa = XCBuildConfiguration;
			buildSettings = {
				CLANG_ENABLE_MODULES = YES;
				CURRENT_PROJECT_VERSION = "$(MARKETING_VERSION).1";
				DEBUG_INFORMATION_FORMAT = dwarf;
				ENABLE_BITCODE = YES;
				GCC_OPTIMIZATION_LEVEL = 0;
				IPHONEOS_DEPLOYMENT_TARGET = 15.0;
				MARKETING_VERSION = 1;
				PRODUCT_NAME = Shortbread;
				SWIFT_INSTALL_OBJC_HEADER = NO;
				SWIFT_OPTIMIZATION_LEVEL = "-Onone";
				SWIFT_VERSION = 5.0;
			};
			name = Debug;
		};
		CE2DAFB526D8EB460009E974 /* Release */ = {
			isa = XCBuildConfiguration;
			buildSettings = {
				ASSETCATALOG_COMPILER_OPTIMIZATION = time;
				CLANG_ENABLE_MODULES = YES;
				CURRENT_PROJECT_VERSION = "$(MARKETING_VERSION).1";
				DEBUG_INFORMATION_FORMAT = "dwarf-with-dsym";
				ENABLE_BITCODE = YES;
				GCC_OPTIMIZATION_LEVEL = fast;
				IPHONEOS_DEPLOYMENT_TARGET = 15.0;
				MARKETING_VERSION = 1;
				PRODUCT_NAME = Shortbread;
				SWIFT_COMPILATION_MODE = wholemodule;
				SWIFT_INSTALL_OBJC_HEADER = NO;
				SWIFT_VERSION = 5.0;
			};
			name = Release;
		};
		CE2DAFC726D8EB890009E974 /* Debug */ = {
			isa = XCBuildConfiguration;
			buildSettings = {
				ALWAYS_EMBED_SWIFT_STANDARD_LIBRARIES = YES;
				ALWAYS_SEARCH_USER_PATHS = NO;
				ASSETCATALOG_COMPILER_APPICON_NAME = AppIcon;
				ASSETCATALOG_COMPILER_GLOBAL_ACCENT_COLOR_NAME = AccentColor;
				CLANG_ANALYZER_NONNULL = YES;
				CLANG_ANALYZER_NUMBER_OBJECT_CONVERSION = YES_AGGRESSIVE;
				CLANG_CXX_LANGUAGE_STANDARD = "gnu++17";
				CLANG_CXX_LIBRARY = "libc++";
				CLANG_ENABLE_OBJC_ARC = YES;
				CLANG_ENABLE_OBJC_WEAK = YES;
				CLANG_WARN_BLOCK_CAPTURE_AUTORELEASING = YES;
				CLANG_WARN_BOOL_CONVERSION = YES;
				CLANG_WARN_COMMA = YES;
				CLANG_WARN_CONSTANT_CONVERSION = YES;
				CLANG_WARN_DEPRECATED_OBJC_IMPLEMENTATIONS = YES;
				CLANG_WARN_DIRECT_OBJC_ISA_USAGE = YES_ERROR;
				CLANG_WARN_DOCUMENTATION_COMMENTS = YES;
				CLANG_WARN_EMPTY_BODY = YES;
				CLANG_WARN_ENUM_CONVERSION = YES;
				CLANG_WARN_INFINITE_RECURSION = YES;
				CLANG_WARN_INT_CONVERSION = YES;
				CLANG_WARN_NON_LITERAL_NULL_CONVERSION = YES;
				CLANG_WARN_OBJC_IMPLICIT_RETAIN_SELF = YES;
				CLANG_WARN_OBJC_LITERAL_CONVERSION = YES;
				CLANG_WARN_OBJC_ROOT_CLASS = YES_ERROR;
				CLANG_WARN_QUOTED_INCLUDE_IN_FRAMEWORK_HEADER = YES;
				CLANG_WARN_RANGE_LOOP_ANALYSIS = YES;
				CLANG_WARN_STRICT_PROTOTYPES = YES;
				CLANG_WARN_SUSPICIOUS_MOVE = YES;
				CLANG_WARN_UNGUARDED_AVAILABILITY = YES_AGGRESSIVE;
				CLANG_WARN_UNREACHABLE_CODE = YES;
				CLANG_WARN__DUPLICATE_METHOD_MATCH = YES;
				CODE_SIGN_ENTITLEMENTS = iOS/iOS.entitlements;
				CODE_SIGN_STYLE = Automatic;
				COPY_PHASE_STRIP = NO;
				DEVELOPMENT_TEAM = 7AMWG3RLHN;
				ENABLE_STRICT_OBJC_MSGSEND = YES;
				ENABLE_TESTABILITY = YES;
				GCC_C_LANGUAGE_STANDARD = gnu11;
				GCC_DYNAMIC_NO_PIC = NO;
				GCC_NO_COMMON_BLOCKS = YES;
				GCC_PREPROCESSOR_DEFINITIONS = (
					"DEBUG=1",
					"$(inherited)",
				);
				GCC_WARN_64_TO_32_BIT_CONVERSION = YES;
				GCC_WARN_ABOUT_RETURN_TYPE = YES_ERROR;
				GCC_WARN_UNDECLARED_SELECTOR = YES;
				GCC_WARN_UNINITIALIZED_AUTOS = YES_AGGRESSIVE;
				GCC_WARN_UNUSED_FUNCTION = YES;
				GCC_WARN_UNUSED_VARIABLE = YES;
				GENERATE_INFOPLIST_FILE = YES;
				INFOPLIST_FILE = iOS/Info.plist;
				INFOPLIST_KEY_UIApplicationSceneManifest_Generation = YES;
				INFOPLIST_KEY_UIApplicationSupportsIndirectInputEvents = YES;
				INFOPLIST_KEY_UISupportedInterfaceOrientations_iPad = "UIInterfaceOrientationPortrait UIInterfaceOrientationPortraitUpsideDown UIInterfaceOrientationLandscapeLeft UIInterfaceOrientationLandscapeRight";
				INFOPLIST_KEY_UISupportedInterfaceOrientations_iPhone = "UIInterfaceOrientationPortrait UIInterfaceOrientationLandscapeLeft UIInterfaceOrientationLandscapeRight";
				LD_RUNPATH_SEARCH_PATHS = (
					"$(inherited)",
					"@executable_path/Frameworks",
				);
				MTL_ENABLE_DEBUG_INFO = INCLUDE_SOURCE;
				MTL_FAST_MATH = YES;
				ONLY_ACTIVE_ARCH = YES;
				PRODUCT_BUNDLE_IDENTIFIER = shortbread;
				SDKROOT = iphoneos;
				SWIFT_ACTIVE_COMPILATION_CONDITIONS = DEBUG;
				SWIFT_EMIT_LOC_STRINGS = YES;
				TARGETED_DEVICE_FAMILY = "1,2";
			};
			name = Debug;
		};
		CE2DAFC826D8EB890009E974 /* Release */ = {
			isa = XCBuildConfiguration;
			buildSettings = {
				ALWAYS_EMBED_SWIFT_STANDARD_LIBRARIES = YES;
				ALWAYS_SEARCH_USER_PATHS = NO;
				ASSETCATALOG_COMPILER_APPICON_NAME = AppIcon;
				ASSETCATALOG_COMPILER_GLOBAL_ACCENT_COLOR_NAME = AccentColor;
				CLANG_ANALYZER_NONNULL = YES;
				CLANG_ANALYZER_NUMBER_OBJECT_CONVERSION = YES_AGGRESSIVE;
				CLANG_CXX_LANGUAGE_STANDARD = "gnu++17";
				CLANG_CXX_LIBRARY = "libc++";
				CLANG_ENABLE_OBJC_ARC = YES;
				CLANG_ENABLE_OBJC_WEAK = YES;
				CLANG_WARN_BLOCK_CAPTURE_AUTORELEASING = YES;
				CLANG_WARN_BOOL_CONVERSION = YES;
				CLANG_WARN_COMMA = YES;
				CLANG_WARN_CONSTANT_CONVERSION = YES;
				CLANG_WARN_DEPRECATED_OBJC_IMPLEMENTATIONS = YES;
				CLANG_WARN_DIRECT_OBJC_ISA_USAGE = YES_ERROR;
				CLANG_WARN_DOCUMENTATION_COMMENTS = YES;
				CLANG_WARN_EMPTY_BODY = YES;
				CLANG_WARN_ENUM_CONVERSION = YES;
				CLANG_WARN_INFINITE_RECURSION = YES;
				CLANG_WARN_INT_CONVERSION = YES;
				CLANG_WARN_NON_LITERAL_NULL_CONVERSION = YES;
				CLANG_WARN_OBJC_IMPLICIT_RETAIN_SELF = YES;
				CLANG_WARN_OBJC_LITERAL_CONVERSION = YES;
				CLANG_WARN_OBJC_ROOT_CLASS = YES_ERROR;
				CLANG_WARN_QUOTED_INCLUDE_IN_FRAMEWORK_HEADER = YES;
				CLANG_WARN_RANGE_LOOP_ANALYSIS = YES;
				CLANG_WARN_STRICT_PROTOTYPES = YES;
				CLANG_WARN_SUSPICIOUS_MOVE = YES;
				CLANG_WARN_UNGUARDED_AVAILABILITY = YES_AGGRESSIVE;
				CLANG_WARN_UNREACHABLE_CODE = YES;
				CLANG_WARN__DUPLICATE_METHOD_MATCH = YES;
				CODE_SIGN_ENTITLEMENTS = iOS/iOS.entitlements;
				CODE_SIGN_STYLE = Automatic;
				COPY_PHASE_STRIP = NO;
				DEVELOPMENT_TEAM = 7AMWG3RLHN;
				ENABLE_NS_ASSERTIONS = NO;
				ENABLE_STRICT_OBJC_MSGSEND = YES;
				GCC_C_LANGUAGE_STANDARD = gnu11;
				GCC_NO_COMMON_BLOCKS = YES;
				GCC_WARN_64_TO_32_BIT_CONVERSION = YES;
				GCC_WARN_ABOUT_RETURN_TYPE = YES_ERROR;
				GCC_WARN_UNDECLARED_SELECTOR = YES;
				GCC_WARN_UNINITIALIZED_AUTOS = YES_AGGRESSIVE;
				GCC_WARN_UNUSED_FUNCTION = YES;
				GCC_WARN_UNUSED_VARIABLE = YES;
				GENERATE_INFOPLIST_FILE = YES;
				INFOPLIST_FILE = iOS/Info.plist;
				INFOPLIST_KEY_UIApplicationSceneManifest_Generation = YES;
				INFOPLIST_KEY_UIApplicationSupportsIndirectInputEvents = YES;
				INFOPLIST_KEY_UISupportedInterfaceOrientations_iPad = "UIInterfaceOrientationPortrait UIInterfaceOrientationPortraitUpsideDown UIInterfaceOrientationLandscapeLeft UIInterfaceOrientationLandscapeRight";
				INFOPLIST_KEY_UISupportedInterfaceOrientations_iPhone = "UIInterfaceOrientationPortrait UIInterfaceOrientationLandscapeLeft UIInterfaceOrientationLandscapeRight";
				LD_RUNPATH_SEARCH_PATHS = (
					"$(inherited)",
					"@executable_path/Frameworks",
				);
				MTL_ENABLE_DEBUG_INFO = NO;
				MTL_FAST_MATH = YES;
				PRODUCT_BUNDLE_IDENTIFIER = shortbread;
				SDKROOT = iphoneos;
				SWIFT_EMIT_LOC_STRINGS = YES;
				TARGETED_DEVICE_FAMILY = "1,2";
				VALIDATE_PRODUCT = YES;
			};
			name = Release;
		};
		CEB1028F26E3CA3F007D0BBE /* Debug */ = {
			isa = XCBuildConfiguration;
			buildSettings = {
				ALWAYS_SEARCH_USER_PATHS = NO;
				ASSETCATALOG_COMPILER_GLOBAL_ACCENT_COLOR_NAME = AccentColor;
				ASSETCATALOG_COMPILER_WIDGET_BACKGROUND_COLOR_NAME = WidgetBackground;
				CLANG_ANALYZER_NONNULL = YES;
				CLANG_ANALYZER_NUMBER_OBJECT_CONVERSION = YES_AGGRESSIVE;
				CLANG_CXX_LANGUAGE_STANDARD = "gnu++17";
				CLANG_CXX_LIBRARY = "libc++";
				CLANG_ENABLE_OBJC_ARC = YES;
				CLANG_ENABLE_OBJC_WEAK = YES;
				CLANG_WARN_BLOCK_CAPTURE_AUTORELEASING = YES;
				CLANG_WARN_BOOL_CONVERSION = YES;
				CLANG_WARN_COMMA = YES;
				CLANG_WARN_CONSTANT_CONVERSION = YES;
				CLANG_WARN_DEPRECATED_OBJC_IMPLEMENTATIONS = YES;
				CLANG_WARN_DIRECT_OBJC_ISA_USAGE = YES_ERROR;
				CLANG_WARN_DOCUMENTATION_COMMENTS = YES;
				CLANG_WARN_EMPTY_BODY = YES;
				CLANG_WARN_ENUM_CONVERSION = YES;
				CLANG_WARN_INFINITE_RECURSION = YES;
				CLANG_WARN_INT_CONVERSION = YES;
				CLANG_WARN_NON_LITERAL_NULL_CONVERSION = YES;
				CLANG_WARN_OBJC_IMPLICIT_RETAIN_SELF = YES;
				CLANG_WARN_OBJC_LITERAL_CONVERSION = YES;
				CLANG_WARN_OBJC_ROOT_CLASS = YES_ERROR;
				CLANG_WARN_QUOTED_INCLUDE_IN_FRAMEWORK_HEADER = YES;
				CLANG_WARN_RANGE_LOOP_ANALYSIS = YES;
				CLANG_WARN_STRICT_PROTOTYPES = YES;
				CLANG_WARN_SUSPICIOUS_MOVE = YES;
				CLANG_WARN_UNGUARDED_AVAILABILITY = YES_AGGRESSIVE;
				CLANG_WARN_UNREACHABLE_CODE = YES;
				CLANG_WARN__DUPLICATE_METHOD_MATCH = YES;
				CODE_SIGN_STYLE = Automatic;
				COPY_PHASE_STRIP = NO;
				DEVELOPMENT_TEAM = 7AMWG3RLHN;
				ENABLE_STRICT_OBJC_MSGSEND = YES;
				ENABLE_TESTABILITY = YES;
				GCC_C_LANGUAGE_STANDARD = gnu11;
				GCC_DYNAMIC_NO_PIC = NO;
				GCC_NO_COMMON_BLOCKS = YES;
				GCC_PREPROCESSOR_DEFINITIONS = (
					"DEBUG=1",
					"$(inherited)",
				);
				GCC_WARN_64_TO_32_BIT_CONVERSION = YES;
				GCC_WARN_ABOUT_RETURN_TYPE = YES_ERROR;
				GCC_WARN_UNDECLARED_SELECTOR = YES;
				GCC_WARN_UNINITIALIZED_AUTOS = YES_AGGRESSIVE;
				GCC_WARN_UNUSED_FUNCTION = YES;
				GCC_WARN_UNUSED_VARIABLE = YES;
				GENERATE_INFOPLIST_FILE = YES;
				INFOPLIST_FILE = Widget/Info.plist;
				INFOPLIST_KEY_CFBundleDisplayName = Shortbread;
				INFOPLIST_KEY_NSHumanReadableCopyright = "Shortbread 2021";
				LD_RUNPATH_SEARCH_PATHS = (
					"$(inherited)",
					"@executable_path/Frameworks",
					"@executable_path/../../Frameworks",
				);
				MTL_ENABLE_DEBUG_INFO = INCLUDE_SOURCE;
				MTL_FAST_MATH = YES;
				ONLY_ACTIVE_ARCH = YES;
				PRODUCT_BUNDLE_IDENTIFIER = shortbread.Widget;
				PRODUCT_MODULE_NAME = "$(PRODUCT_NAME:c99extidentifier)_widget";
				SDKROOT = iphoneos;
				SKIP_INSTALL = YES;
				SWIFT_ACTIVE_COMPILATION_CONDITIONS = DEBUG;
				SWIFT_EMIT_LOC_STRINGS = YES;
				TARGETED_DEVICE_FAMILY = "1,2";
			};
			name = Debug;
		};
		CEB1029026E3CA3F007D0BBE /* Release */ = {
			isa = XCBuildConfiguration;
			buildSettings = {
				ALWAYS_SEARCH_USER_PATHS = NO;
				ASSETCATALOG_COMPILER_GLOBAL_ACCENT_COLOR_NAME = AccentColor;
				ASSETCATALOG_COMPILER_WIDGET_BACKGROUND_COLOR_NAME = WidgetBackground;
				CLANG_ANALYZER_NONNULL = YES;
				CLANG_ANALYZER_NUMBER_OBJECT_CONVERSION = YES_AGGRESSIVE;
				CLANG_CXX_LANGUAGE_STANDARD = "gnu++17";
				CLANG_CXX_LIBRARY = "libc++";
				CLANG_ENABLE_OBJC_ARC = YES;
				CLANG_ENABLE_OBJC_WEAK = YES;
				CLANG_WARN_BLOCK_CAPTURE_AUTORELEASING = YES;
				CLANG_WARN_BOOL_CONVERSION = YES;
				CLANG_WARN_COMMA = YES;
				CLANG_WARN_CONSTANT_CONVERSION = YES;
				CLANG_WARN_DEPRECATED_OBJC_IMPLEMENTATIONS = YES;
				CLANG_WARN_DIRECT_OBJC_ISA_USAGE = YES_ERROR;
				CLANG_WARN_DOCUMENTATION_COMMENTS = YES;
				CLANG_WARN_EMPTY_BODY = YES;
				CLANG_WARN_ENUM_CONVERSION = YES;
				CLANG_WARN_INFINITE_RECURSION = YES;
				CLANG_WARN_INT_CONVERSION = YES;
				CLANG_WARN_NON_LITERAL_NULL_CONVERSION = YES;
				CLANG_WARN_OBJC_IMPLICIT_RETAIN_SELF = YES;
				CLANG_WARN_OBJC_LITERAL_CONVERSION = YES;
				CLANG_WARN_OBJC_ROOT_CLASS = YES_ERROR;
				CLANG_WARN_QUOTED_INCLUDE_IN_FRAMEWORK_HEADER = YES;
				CLANG_WARN_RANGE_LOOP_ANALYSIS = YES;
				CLANG_WARN_STRICT_PROTOTYPES = YES;
				CLANG_WARN_SUSPICIOUS_MOVE = YES;
				CLANG_WARN_UNGUARDED_AVAILABILITY = YES_AGGRESSIVE;
				CLANG_WARN_UNREACHABLE_CODE = YES;
				CLANG_WARN__DUPLICATE_METHOD_MATCH = YES;
				CODE_SIGN_STYLE = Automatic;
				COPY_PHASE_STRIP = NO;
				DEVELOPMENT_TEAM = 7AMWG3RLHN;
				ENABLE_NS_ASSERTIONS = NO;
				ENABLE_STRICT_OBJC_MSGSEND = YES;
				GCC_C_LANGUAGE_STANDARD = gnu11;
				GCC_NO_COMMON_BLOCKS = YES;
				GCC_WARN_64_TO_32_BIT_CONVERSION = YES;
				GCC_WARN_ABOUT_RETURN_TYPE = YES_ERROR;
				GCC_WARN_UNDECLARED_SELECTOR = YES;
				GCC_WARN_UNINITIALIZED_AUTOS = YES_AGGRESSIVE;
				GCC_WARN_UNUSED_FUNCTION = YES;
				GCC_WARN_UNUSED_VARIABLE = YES;
				GENERATE_INFOPLIST_FILE = YES;
				INFOPLIST_FILE = Widget/Info.plist;
				INFOPLIST_KEY_CFBundleDisplayName = Shortbread;
				INFOPLIST_KEY_NSHumanReadableCopyright = "Shortbread 2021";
				LD_RUNPATH_SEARCH_PATHS = (
					"$(inherited)",
					"@executable_path/Frameworks",
					"@executable_path/../../Frameworks",
				);
				MTL_ENABLE_DEBUG_INFO = NO;
				MTL_FAST_MATH = YES;
				PRODUCT_BUNDLE_IDENTIFIER = shortbread.Widget;
				PRODUCT_MODULE_NAME = "$(PRODUCT_NAME:c99extidentifier)_widget";
				SDKROOT = iphoneos;
				SKIP_INSTALL = YES;
				SWIFT_EMIT_LOC_STRINGS = YES;
				TARGETED_DEVICE_FAMILY = "1,2";
				VALIDATE_PRODUCT = YES;
			};
			name = Release;
		};
/* End XCBuildConfiguration section */

/* Begin XCConfigurationList section */
		CE0C6DF226E3D32000813563 /* Build configuration list for PBXNativeTarget "Watch Extension" */ = {
			isa = XCConfigurationList;
			buildConfigurations = (
				CE0C6DF026E3D32000813563 /* Debug */,
				CE0C6DF126E3D32000813563 /* Release */,
			);
			defaultConfigurationIsVisible = 0;
			defaultConfigurationName = Release;
		};
		CE0C6DF326E3D32000813563 /* Build configuration list for PBXNativeTarget "Watch" */ = {
			isa = XCConfigurationList;
			buildConfigurations = (
				CE0C6DED26E3D32000813563 /* Debug */,
				CE0C6DEE26E3D32000813563 /* Release */,
			);
			defaultConfigurationIsVisible = 0;
			defaultConfigurationName = Release;
		};
		CE2DAFB326D8EB460009E974 /* Build configuration list for PBXProject "Shortbread" */ = {
			isa = XCConfigurationList;
			buildConfigurations = (
				CE2DAFB426D8EB460009E974 /* Debug */,
				CE2DAFB526D8EB460009E974 /* Release */,
			);
			defaultConfigurationIsVisible = 0;
			defaultConfigurationName = Release;
		};
		CE2DAFC626D8EB890009E974 /* Build configuration list for PBXNativeTarget "iOS" */ = {
			isa = XCConfigurationList;
			buildConfigurations = (
				CE2DAFC726D8EB890009E974 /* Debug */,
				CE2DAFC826D8EB890009E974 /* Release */,
			);
			defaultConfigurationIsVisible = 0;
			defaultConfigurationName = Release;
		};
		CEB1028E26E3CA3F007D0BBE /* Build configuration list for PBXNativeTarget "Widget" */ = {
			isa = XCConfigurationList;
			buildConfigurations = (
				CEB1028F26E3CA3F007D0BBE /* Debug */,
				CEB1029026E3CA3F007D0BBE /* Release */,
			);
			defaultConfigurationIsVisible = 0;
			defaultConfigurationName = Release;
		};
/* End XCConfigurationList section */

/* Begin XCRemoteSwiftPackageReference section */
		CE75611C26DFA52E00C094BA /* XCRemoteSwiftPackageReference "secrets" */ = {
			isa = XCRemoteSwiftPackageReference;
			repositoryURL = "https://github.com/shbread/secrets.git";
			requirement = {
				branch = main;
				kind = branch;
			};
		};
/* End XCRemoteSwiftPackageReference section */

/* Begin XCSwiftPackageProductDependency section */
		CE0C6DFA26E3D5C700813563 /* Secrets */ = {
			isa = XCSwiftPackageProductDependency;
			package = CE75611C26DFA52E00C094BA /* XCRemoteSwiftPackageReference "secrets" */;
			productName = Secrets;
		};
		CE75611D26DFA52E00C094BA /* Secrets */ = {
			isa = XCSwiftPackageProductDependency;
			package = CE75611C26DFA52E00C094BA /* XCRemoteSwiftPackageReference "secrets" */;
			productName = Secrets;
		};
/* End XCSwiftPackageProductDependency section */
	};
	rootObject = CE2DAFB026D8EB460009E974 /* Project object */;
}
