{
  "object": {
    "pins": [
      {
        "package": "Archivable",
        "repositoryURL": "https://github.com/archivable/package.git",
        "state": {
          "branch": "main",
          "revision": "046ec95dcadd458a008a5252693d81adfabb9eb7",
          "version": null
        }
      },
      {
        "package": "Secrets",
        "repositoryURL": "https://github.com/shbread/secrets.git",
        "state": {
          "branch": "main",
          "revision": "a1c0fcafa05d41e9f4e6919e6d89682676076b1f",
          "version": null
        }
      }
    ]
  },
  "version": 1
}
