{
  "object": {
    "pins": [
      {
        "package": "Archivable",
        "repositoryURL": "https://github.com/archivable/package.git",
        "state": {
          "branch": "main",
          "revision": "0e768353633e1c5a422afe0852bc28d02a4cab3c",
          "version": null
        }
      },
      {
        "package": "Secrets",
        "repositoryURL": "https://github.com/shbread/secrets.git",
        "state": {
          "branch": "main",
          "revision": "81d010789c63ddb390f9f7214b65058600f3506b",
          "version": null
        }
      }
    ]
  },
  "version": 1
}
